
Microsoft Visual Studio Solution File, Format Version 12.00
# Visual Studio 2012
Project("{FAE04EC0-301F-11D3-BF4B-00C04F79EFBC}") = "KatanaOwinSimple", "OwinKatanaNancyExample\KatanaOwinSimple.csproj", "{0DA2D15D-34E7-40B0-AAAA-5622E7085090}"
EndProject
Project("{FAE04EC0-301F-11D3-BF4B-00C04F79EFBC}") = "KatanaMultipleMiddlewares", "KatanaMultipleMiddlewares\KatanaMultipleMiddlewares.csproj", "{C00252FF-6C03-4757-B739-9234BEC14FAA}"
EndProject
Project("{FAE04EC0-301F-11D3-BF4B-00C04F79EFBC}") = "KatanaMiddlewareClasses", "KatanaMiddlewareClasses\KatanaMiddlewareClasses.csproj", "{33131F93-A647-4D4D-9EBF-8AD465F06CA2}"
EndProject
Project("{FAE04EC0-301F-11D3-BF4B-00C04F79EFBC}") = "KatanaMiddlewareOptions", "KatanaMiddlewareOptions\KatanaMiddlewareOptions.csproj", "{F0E01552-B2B5-4059-8ED4-6AEA1B210F0A}"
EndProject
Project("{FAE04EC0-301F-11D3-BF4B-00C04F79EFBC}") = "KatanaMiddlewareUseMethod", "KatanaMiddlewareUseMethod\KatanaMiddlewareUseMethod.csproj", "{CBD4473D-3DD0-4E41-BF5D-8083D857E0DD}"
EndProject
Project("{FAE04EC0-301F-11D3-BF4B-00C04F79EFBC}") = "BeginningNancyFx", "BeginningNancyFx\BeginningNancyFx.csproj", "{D33866B5-7E00-4B94-BFC2-4D99F3196230}"
EndProject
Project("{FAE04EC0-301F-11D3-BF4B-00C04F79EFBC}") = "KatanaSelfHosting", "KatanaSelfHosting\KatanaSelfHosting.csproj", "{D7B35820-C64A-44AF-9082-6D664253FC7C}"
EndProject
Project("{FAE04EC0-301F-11D3-BF4B-00C04F79EFBC}") = "KatanaSelfHosting.Tests", "KatanaSelfHosting.Tests\KatanaSelfHosting.Tests.csproj", "{B0FEB5E0-51AF-48D3-A389-6077E415813F}"
EndProject
Project("{FAE04EC0-301F-11D3-BF4B-00C04F79EFBC}") = "MoreNancyFxSelfHost", "MoreNancyFxSelfHost\MoreNancyFxSelfHost.csproj", "{E061EBF6-09BD-4761-9351-48013C9CA819}"
EndProject
Project("{FAE04EC0-301F-11D3-BF4B-00C04F79EFBC}") = "MoreNancyFxAspHost", "MoreNancyFxAspHost\MoreNancyFxAspHost.csproj", "{FA8B825B-AC0D-402B-9747-91626113AF65}"
EndProject
Global
	GlobalSection(SolutionConfigurationPlatforms) = preSolution
		Debug|Any CPU = Debug|Any CPU
		Release|Any CPU = Release|Any CPU
	EndGlobalSection
	GlobalSection(ProjectConfigurationPlatforms) = postSolution
		{0DA2D15D-34E7-40B0-AAAA-5622E7085090}.Debug|Any CPU.ActiveCfg = Debug|Any CPU
		{0DA2D15D-34E7-40B0-AAAA-5622E7085090}.Debug|Any CPU.Build.0 = Debug|Any CPU
		{0DA2D15D-34E7-40B0-AAAA-5622E7085090}.Release|Any CPU.ActiveCfg = Release|Any CPU
		{0DA2D15D-34E7-40B0-AAAA-5622E7085090}.Release|Any CPU.Build.0 = Release|Any CPU
		{C00252FF-6C03-4757-B739-9234BEC14FAA}.Debug|Any CPU.ActiveCfg = Debug|Any CPU
		{C00252FF-6C03-4757-B739-9234BEC14FAA}.Debug|Any CPU.Build.0 = Debug|Any CPU
		{C00252FF-6C03-4757-B739-9234BEC14FAA}.Release|Any CPU.ActiveCfg = Release|Any CPU
		{C00252FF-6C03-4757-B739-9234BEC14FAA}.Release|Any CPU.Build.0 = Release|Any CPU
		{33131F93-A647-4D4D-9EBF-8AD465F06CA2}.Debug|Any CPU.ActiveCfg = Debug|Any CPU
		{33131F93-A647-4D4D-9EBF-8AD465F06CA2}.Debug|Any CPU.Build.0 = Debug|Any CPU
		{33131F93-A647-4D4D-9EBF-8AD465F06CA2}.Release|Any CPU.ActiveCfg = Release|Any CPU
		{33131F93-A647-4D4D-9EBF-8AD465F06CA2}.Release|Any CPU.Build.0 = Release|Any CPU
		{F0E01552-B2B5-4059-8ED4-6AEA1B210F0A}.Debug|Any CPU.ActiveCfg = Debug|Any CPU
		{F0E01552-B2B5-4059-8ED4-6AEA1B210F0A}.Debug|Any CPU.Build.0 = Debug|Any CPU
		{F0E01552-B2B5-4059-8ED4-6AEA1B210F0A}.Release|Any CPU.ActiveCfg = Release|Any CPU
		{F0E01552-B2B5-4059-8ED4-6AEA1B210F0A}.Release|Any CPU.Build.0 = Release|Any CPU
		{CBD4473D-3DD0-4E41-BF5D-8083D857E0DD}.Debug|Any CPU.ActiveCfg = Debug|Any CPU
		{CBD4473D-3DD0-4E41-BF5D-8083D857E0DD}.Debug|Any CPU.Build.0 = Debug|Any CPU
		{CBD4473D-3DD0-4E41-BF5D-8083D857E0DD}.Release|Any CPU.ActiveCfg = Release|Any CPU
		{CBD4473D-3DD0-4E41-BF5D-8083D857E0DD}.Release|Any CPU.Build.0 = Release|Any CPU
		{D33866B5-7E00-4B94-BFC2-4D99F3196230}.Debug|Any CPU.ActiveCfg = Debug|Any CPU
		{D33866B5-7E00-4B94-BFC2-4D99F3196230}.Debug|Any CPU.Build.0 = Debug|Any CPU
		{D33866B5-7E00-4B94-BFC2-4D99F3196230}.Release|Any CPU.ActiveCfg = Release|Any CPU
		{D33866B5-7E00-4B94-BFC2-4D99F3196230}.Release|Any CPU.Build.0 = Release|Any CPU
		{D7B35820-C64A-44AF-9082-6D664253FC7C}.Debug|Any CPU.ActiveCfg = Debug|Any CPU
		{D7B35820-C64A-44AF-9082-6D664253FC7C}.Debug|Any CPU.Build.0 = Debug|Any CPU
		{D7B35820-C64A-44AF-9082-6D664253FC7C}.Release|Any CPU.ActiveCfg = Release|Any CPU
		{D7B35820-C64A-44AF-9082-6D664253FC7C}.Release|Any CPU.Build.0 = Release|Any CPU
		{B0FEB5E0-51AF-48D3-A389-6077E415813F}.Debug|Any CPU.ActiveCfg = Debug|Any CPU
		{B0FEB5E0-51AF-48D3-A389-6077E415813F}.Debug|Any CPU.Build.0 = Debug|Any CPU
		{B0FEB5E0-51AF-48D3-A389-6077E415813F}.Release|Any CPU.ActiveCfg = Release|Any CPU
		{B0FEB5E0-51AF-48D3-A389-6077E415813F}.Release|Any CPU.Build.0 = Release|Any CPU
		{E061EBF6-09BD-4761-9351-48013C9CA819}.Debug|Any CPU.ActiveCfg = Debug|Any CPU
		{E061EBF6-09BD-4761-9351-48013C9CA819}.Debug|Any CPU.Build.0 = Debug|Any CPU
		{E061EBF6-09BD-4761-9351-48013C9CA819}.Release|Any CPU.ActiveCfg = Release|Any CPU
		{E061EBF6-09BD-4761-9351-48013C9CA819}.Release|Any CPU.Build.0 = Release|Any CPU
		{FA8B825B-AC0D-402B-9747-91626113AF65}.Debug|Any CPU.ActiveCfg = Debug|Any CPU
		{FA8B825B-AC0D-402B-9747-91626113AF65}.Debug|Any CPU.Build.0 = Debug|Any CPU
		{FA8B825B-AC0D-402B-9747-91626113AF65}.Release|Any CPU.ActiveCfg = Release|Any CPU
		{FA8B825B-AC0D-402B-9747-91626113AF65}.Release|Any CPU.Build.0 = Release|Any CPU
	EndGlobalSection
	GlobalSection(SolutionProperties) = preSolution
		HideSolutionNode = FALSE
	EndGlobalSection
EndGlobal
