
Microsoft Visual Studio Solution File, Format Version 12.00
# Visual Studio 2012
Project("{FAE04EC0-301F-11D3-BF4B-00C04F79EFBC}") = "KatanaOwinSimple", "OwinKatanaNancyExample\KatanaOwinSimple.csproj", "{0DA2D15D-34E7-40B0-AAAA-5622E7085090}"
EndProject
Project("{FAE04EC0-301F-11D3-BF4B-00C04F79EFBC}") = "KatanaMultipleMiddlewares", "KatanaMultipleMiddlewares\KatanaMultipleMiddlewares.csproj", "{C00252FF-6C03-4757-B739-9234BEC14FAA}"
EndProject
Global
	GlobalSection(SolutionConfigurationPlatforms) = preSolution
		Debug|Any CPU = Debug|Any CPU
		Release|Any CPU = Release|Any CPU
	EndGlobalSection
	GlobalSection(ProjectConfigurationPlatforms) = postSolution
		{0DA2D15D-34E7-40B0-AAAA-5622E7085090}.Debug|Any CPU.ActiveCfg = Debug|Any CPU
		{0DA2D15D-34E7-40B0-AAAA-5622E7085090}.Debug|Any CPU.Build.0 = Debug|Any CPU
		{0DA2D15D-34E7-40B0-AAAA-5622E7085090}.Release|Any CPU.ActiveCfg = Release|Any CPU
		{0DA2D15D-34E7-40B0-AAAA-5622E7085090}.Release|Any CPU.Build.0 = Release|Any CPU
		{C00252FF-6C03-4757-B739-9234BEC14FAA}.Debug|Any CPU.ActiveCfg = Debug|Any CPU
		{C00252FF-6C03-4757-B739-9234BEC14FAA}.Debug|Any CPU.Build.0 = Debug|Any CPU
		{C00252FF-6C03-4757-B739-9234BEC14FAA}.Release|Any CPU.ActiveCfg = Release|Any CPU
		{C00252FF-6C03-4757-B739-9234BEC14FAA}.Release|Any CPU.Build.0 = Release|Any CPU
	EndGlobalSection
	GlobalSection(SolutionProperties) = preSolution
		HideSolutionNode = FALSE
	EndGlobalSection
EndGlobal
